
Microsoft Visual Studio Solution File, Format Version 12.00
# Visual Studio Version 17
VisualStudioVersion = 17.4.33213.308
MinimumVisualStudioVersion = 10.0.40219.1
Project("{F184B08F-C81C-45F6-A57F-5ABD9991F28F}") = "templateNanaman", "templateNanaman.vbproj", "{38B9A1F7-21AF-433D-8E7A-E8701533ACAA}"
EndProject
Global
	GlobalSection(SolutionConfigurationPlatforms) = preSolution
		Debug|Any CPU = Debug|Any CPU
		Release|Any CPU = Release|Any CPU
	EndGlobalSection
	GlobalSection(ProjectConfigurationPlatforms) = postSolution
		{38B9A1F7-21AF-433D-8E7A-E8701533ACAA}.Debug|Any CPU.ActiveCfg = Debug|Any CPU
		{38B9A1F7-21AF-433D-8E7A-E8701533ACAA}.Debug|Any CPU.Build.0 = Debug|Any CPU
		{38B9A1F7-21AF-433D-8E7A-E8701533ACAA}.Release|Any CPU.ActiveCfg = Release|Any CPU
		{38B9A1F7-21AF-433D-8E7A-E8701533ACAA}.Release|Any CPU.Build.0 = Release|Any CPU
	EndGlobalSection
	GlobalSection(SolutionProperties) = preSolution
		HideSolutionNode = FALSE
	EndGlobalSection
	GlobalSection(ExtensibilityGlobals) = postSolution
		SolutionGuid = {91829FC7-F9F8-4604-BF44-BECC739350DA}
	EndGlobalSection
EndGlobal
